
Microsoft Visual Studio Solution File, Format Version 11.00
# Visual Studio 2010
Project("{FAE04EC0-301F-11D3-BF4B-00C04F79EFBC}") = "Assembly-CSharp", "Assembly-CSharp.csproj", "{6FEEC700-E0CE-BD50-CC0E-EB18E07CBF19}"
EndProject
Project("{FAE04EC0-301F-11D3-BF4B-00C04F79EFBC}") = "Assembly-CSharp-firstpass", "Assembly-CSharp-firstpass.csproj", "{76DEDF8F-609A-37CC-B696-73F5CEE3D380}"
EndProject
Project("{FAE04EC0-301F-11D3-BF4B-00C04F79EFBC}") = "Assembly-CSharp-Editor", "Assembly-CSharp-Editor.csproj", "{5184DEEC-1AB8-3DDE-77EC-D04122E68F53}"
EndProject
Project("{FAE04EC0-301F-11D3-BF4B-00C04F79EFBC}") = "Assembly-CSharp-Editor-firstpass", "Assembly-CSharp-Editor-firstpass.csproj", "{AFB2420C-6D47-93F3-9673-51EE1132FD37}"
EndProject
Global
	GlobalSection(SolutionConfigurationPlatforms) = preSolution
		Debug|Any CPU = Debug|Any CPU
		Release|Any CPU = Release|Any CPU
	EndGlobalSection
	GlobalSection(ProjectConfigurationPlatforms) = postSolution
		{6FEEC700-E0CE-BD50-CC0E-EB18E07CBF19}.Debug|Any CPU.ActiveCfg = Debug|Any CPU
		{6FEEC700-E0CE-BD50-CC0E-EB18E07CBF19}.Debug|Any CPU.Build.0 = Debug|Any CPU
		{6FEEC700-E0CE-BD50-CC0E-EB18E07CBF19}.Release|Any CPU.ActiveCfg = Release|Any CPU
		{6FEEC700-E0CE-BD50-CC0E-EB18E07CBF19}.Release|Any CPU.Build.0 = Release|Any CPU
		{76DEDF8F-609A-37CC-B696-73F5CEE3D380}.Debug|Any CPU.ActiveCfg = Debug|Any CPU
		{76DEDF8F-609A-37CC-B696-73F5CEE3D380}.Debug|Any CPU.Build.0 = Debug|Any CPU
		{76DEDF8F-609A-37CC-B696-73F5CEE3D380}.Release|Any CPU.ActiveCfg = Release|Any CPU
		{76DEDF8F-609A-37CC-B696-73F5CEE3D380}.Release|Any CPU.Build.0 = Release|Any CPU
		{5184DEEC-1AB8-3DDE-77EC-D04122E68F53}.Debug|Any CPU.ActiveCfg = Debug|Any CPU
		{5184DEEC-1AB8-3DDE-77EC-D04122E68F53}.Debug|Any CPU.Build.0 = Debug|Any CPU
		{5184DEEC-1AB8-3DDE-77EC-D04122E68F53}.Release|Any CPU.ActiveCfg = Release|Any CPU
		{5184DEEC-1AB8-3DDE-77EC-D04122E68F53}.Release|Any CPU.Build.0 = Release|Any CPU
		{AFB2420C-6D47-93F3-9673-51EE1132FD37}.Debug|Any CPU.ActiveCfg = Debug|Any CPU
		{AFB2420C-6D47-93F3-9673-51EE1132FD37}.Debug|Any CPU.Build.0 = Debug|Any CPU
		{AFB2420C-6D47-93F3-9673-51EE1132FD37}.Release|Any CPU.ActiveCfg = Release|Any CPU
		{AFB2420C-6D47-93F3-9673-51EE1132FD37}.Release|Any CPU.Build.0 = Release|Any CPU
	EndGlobalSection
	GlobalSection(SolutionProperties) = preSolution
		HideSolutionNode = FALSE
	EndGlobalSection
	GlobalSection(MonoDevelopProperties) = preSolution
		StartupItem = Assembly-CSharp.csproj
	EndGlobalSection
EndGlobal
